
Microsoft Visual Studio Solution File, Format Version 12.00
# Visual Studio 15
VisualStudioVersion = 15.0.28307.1321
MinimumVisualStudioVersion = 10.0.40219.1
Project("{8BC9CEB8-8B4A-11D0-8D11-00A0C91BC942}") = "RendererTest", "RendererTest\RendererTest.vcxproj", "{018254ED-653E-4463-AAB6-83400316AA1E}"
EndProject
Global
	GlobalSection(SolutionConfigurationPlatforms) = preSolution
		Debug|x64 = Debug|x64
		Debug|x86 = Debug|x86
		Release|x64 = Release|x64
		Release|x86 = Release|x86
	EndGlobalSection
	GlobalSection(ProjectConfigurationPlatforms) = postSolution
		{018254ED-653E-4463-AAB6-83400316AA1E}.Debug|x64.ActiveCfg = Debug|x64
		{018254ED-653E-4463-AAB6-83400316AA1E}.Debug|x64.Build.0 = Debug|x64
		{018254ED-653E-4463-AAB6-83400316AA1E}.Debug|x86.ActiveCfg = Debug|Win32
		{018254ED-653E-4463-AAB6-83400316AA1E}.Debug|x86.Build.0 = Debug|Win32
		{018254ED-653E-4463-AAB6-83400316AA1E}.Release|x64.ActiveCfg = Release|x64
		{018254ED-653E-4463-AAB6-83400316AA1E}.Release|x64.Build.0 = Release|x64
		{018254ED-653E-4463-AAB6-83400316AA1E}.Release|x86.ActiveCfg = Release|Win32
		{018254ED-653E-4463-AAB6-83400316AA1E}.Release|x86.Build.0 = Release|Win32
	EndGlobalSection
	GlobalSection(SolutionProperties) = preSolution
		HideSolutionNode = FALSE
	EndGlobalSection
	GlobalSection(ExtensibilityGlobals) = postSolution
		SolutionGuid = {F95F017E-E9B9-497D-BA15-A4016C80D70F}
	EndGlobalSection
EndGlobal
